
Microsoft Visual Studio Solution File, Format Version 12.00
# Visual Studio Version 16
VisualStudioVersion = 16.0.31911.196
MinimumVisualStudioVersion = 10.0.40219.1
Project("{FAE04EC0-301F-11D3-BF4B-00C04F79EFBC}") = "HotelManagement", "HotelManagement.csproj", "{BE426666-2007-45A2-A304-EFA983915D2F}"
EndProject
Global
	GlobalSection(SolutionConfigurationPlatforms) = preSolution
		Debug|Any CPU = Debug|Any CPU
		Release|Any CPU = Release|Any CPU
	EndGlobalSection
	GlobalSection(ProjectConfigurationPlatforms) = postSolution
		{BE426666-2007-45A2-A304-EFA983915D2F}.Debug|Any CPU.ActiveCfg = Debug|Any CPU
		{BE426666-2007-45A2-A304-EFA983915D2F}.Debug|Any CPU.Build.0 = Debug|Any CPU
		{BE426666-2007-45A2-A304-EFA983915D2F}.Release|Any CPU.ActiveCfg = Release|Any CPU
		{BE426666-2007-45A2-A304-EFA983915D2F}.Release|Any CPU.Build.0 = Release|Any CPU
	EndGlobalSection
	GlobalSection(SolutionProperties) = preSolution
		HideSolutionNode = FALSE
	EndGlobalSection
	GlobalSection(ExtensibilityGlobals) = postSolution
		SolutionGuid = {F9843049-D2FA-41E7-B476-A43E490AB3CF}
	EndGlobalSection
EndGlobal
